
Microsoft Visual Studio Solution File, Format Version 12.00
# Visual Studio Version 17
VisualStudioVersion = 17.10.34928.147
MinimumVisualStudioVersion = 10.0.40219.1
Project("{8BC9CEB8-8B4A-11D0-8D11-00A0C91BC942}") = "AddTwoNumbersConstant", "AddTwoNumbersConstant.vcxproj", "{A8D95D4E-4FA1-4E27-9E40-F5D868983CFA}"
EndProject
Global
	GlobalSection(SolutionConfigurationPlatforms) = preSolution
		Debug|x64 = Debug|x64
		Debug|x86 = Debug|x86
		Release|x64 = Release|x64
		Release|x86 = Release|x86
	EndGlobalSection
	GlobalSection(ProjectConfigurationPlatforms) = postSolution
		{A8D95D4E-4FA1-4E27-9E40-F5D868983CFA}.Debug|x64.ActiveCfg = Debug|x64
		{A8D95D4E-4FA1-4E27-9E40-F5D868983CFA}.Debug|x64.Build.0 = Debug|x64
		{A8D95D4E-4FA1-4E27-9E40-F5D868983CFA}.Debug|x86.ActiveCfg = Debug|Win32
		{A8D95D4E-4FA1-4E27-9E40-F5D868983CFA}.Debug|x86.Build.0 = Debug|Win32
		{A8D95D4E-4FA1-4E27-9E40-F5D868983CFA}.Release|x64.ActiveCfg = Release|x64
		{A8D95D4E-4FA1-4E27-9E40-F5D868983CFA}.Release|x64.Build.0 = Release|x64
		{A8D95D4E-4FA1-4E27-9E40-F5D868983CFA}.Release|x86.ActiveCfg = Release|Win32
		{A8D95D4E-4FA1-4E27-9E40-F5D868983CFA}.Release|x86.Build.0 = Release|Win32
	EndGlobalSection
	GlobalSection(SolutionProperties) = preSolution
		HideSolutionNode = FALSE
	EndGlobalSection
	GlobalSection(ExtensibilityGlobals) = postSolution
		SolutionGuid = {1885E29A-538B-4831-91C1-97060349F10E}
	EndGlobalSection
EndGlobal
